lockfileVersion: '9.0'

settings:
  autoInstallPeers: true
  excludeLinksFromLockfile: false

importers:

  .:
    dependencies:
      '@fontsource-variable/fraunces':
        specifier: ^5.2.9
        version: 5.2.9

packages:

  '@fontsource-variable/fraunces@5.2.9':
    resolution: {integrity: sha512-Y6IjunlN9Ni723np+GIgAaKzCDBrPRrqNi01TZxHs5wtHYROWFM9W6yiT+/gGwSjWIRD18oX17kD/BRWekc/Lw==}

snapshots:

  '@fontsource-variable/fraunces@5.2.9': {}
